{
    "name": "fwge",
    "lockfileVersion": 2,
    "requires": true,
    "packages": {
        "": {
            "name": "fwge",
            "workspaces": [
                "packages/common",
                "packages/core",
                "packages/render",
                "packages/audio",
                "packages/input",
                "packages/physics",
                "packages/animation",
                "packages/ui",
                "packages/io",
                "packages/cli"
            ],
            "devDependencies": {
                "@types/node": "^17.0.36"
            }
        },
        "node_modules/@fwge/animation": {
            "resolved": "packages/animation",
            "link": true
        },
        "node_modules/@fwge/audio": {
            "resolved": "packages/audio",
            "link": true
        },
        "node_modules/@fwge/cli": {
            "resolved": "packages/cli",
            "link": true
        },
        "node_modules/@fwge/common": {
            "resolved": "packages/common",
            "link": true
        },
        "node_modules/@fwge/core": {
            "resolved": "packages/core",
            "link": true
        },
        "node_modules/@fwge/input": {
            "resolved": "packages/input",
            "link": true
        },
        "node_modules/@fwge/io": {
            "resolved": "packages/io",
            "link": true
        },
        "node_modules/@fwge/physics": {
            "resolved": "packages/physics",
            "link": true
        },
        "node_modules/@fwge/render": {
            "resolved": "packages/render",
            "link": true
        },
        "node_modules/@fwge/ui": {
            "resolved": "packages/ui",
            "link": true
        },
        "node_modules/@types/node": {
            "version": "17.0.36",
            "dev": true,
            "license": "MIT"
        },
        "node_modules/web-worker": {
            "version": "1.2.0",
            "license": "Apache-2.0"
        },
        "packages/animation": {
            "name": "@fwge/animation",
            "version": "1.0.0",
            "license": "MIT",
            "dependencies": {
                "@fwge/common": "1.0.0",
                "@fwge/core": "1.0.0",
                "@fwge/render": "1.0.0"
            }
        },
        "packages/audio": {
            "name": "@fwge/audio",
            "version": "1.0.0",
            "license": "MIT",
            "dependencies": {
                "@fwge/common": "file:../common",
                "@fwge/core": "file:../core"
            }
        },
        "packages/cli": {
            "name": "@fwge/cli",
            "version": "1.0.0",
            "license": "MIT",
            "dependencies": {
                "@fwge/audio": "1.0.0",
                "@fwge/common": "1.0.0",
                "@fwge/core": "1.0.0",
                "@fwge/input": "1.0.0",
                "@fwge/physics": "1.0.0",
                "@fwge/render": "1.0.0",
                "@fwge/ui": "1.0.0"
            }
        },
        "packages/common": {
            "name": "@fwge/common",
            "version": "1.0.0",
            "license": "MIT"
        },
        "packages/core": {
            "name": "@fwge/core",
            "version": "1.0.0",
            "license": "MIT",
            "dependencies": {
                "@fwge/common": "1.0.0"
            },
            "devDependencies": {
                "@types/node": "^17.0.23"
            }
        },
        "packages/input": {
            "name": "@fwge/input",
            "version": "1.0.0",
            "license": "MIT",
            "dependencies": {
                "@fwge/common": "1.0.0",
                "@fwge/core": "1.0.0"
            }
        },
        "packages/io": {
            "name": "@fwge/io",
            "version": "1.0.0",
            "license": "MIT",
            "dependencies": {
                "@fwge/audio": "1.0.0",
                "@fwge/common": "1.0.0",
                "@fwge/core": "1.0.0",
                "@fwge/input": "1.0.0",
                "@fwge/physics": "1.0.0",
                "@fwge/render": "1.0.0",
                "@fwge/ui": "1.0.0"
            }
        },
        "packages/physics": {
            "name": "@fwge/physics",
            "version": "1.0.0",
            "license": "MIT",
            "dependencies": {
                "@fwge/common": "1.0.0",
                "@fwge/core": "1.0.0",
                "web-worker": "^1.2.0"
            },
            "devDependencies": {
                "@types/node": "^17.0.25"
            }
        },
        "packages/render": {
            "name": "@fwge/render",
            "version": "1.0.0",
            "license": "MIT",
            "dependencies": {
                "@fwge/common": "1.0.0",
                "@fwge/core": "1.0.0"
            }
        },
        "packages/ui": {
            "name": "@fwge/ui",
            "version": "1.0.0",
            "license": "MIT",
            "dependencies": {
                "@fwge/common": "1.0.0",
                "@fwge/core": "1.0.0"
            }
        }
    },
    "dependencies": {
        "@fwge/animation": {
            "version": "file:packages/animation",
            "requires": {
                "@fwge/common": "1.0.0",
                "@fwge/core": "1.0.0",
                "@fwge/render": "1.0.0"
            }
        },
        "@fwge/audio": {
            "version": "file:packages/audio",
            "requires": {
                "@fwge/common": "file:../common",
                "@fwge/core": "file:../core"
            }
        },
        "@fwge/cli": {
            "version": "file:packages/cli",
            "requires": {
                "@fwge/audio": "1.0.0",
                "@fwge/common": "1.0.0",
                "@fwge/core": "1.0.0",
                "@fwge/input": "1.0.0",
                "@fwge/physics": "1.0.0",
                "@fwge/render": "1.0.0",
                "@fwge/ui": "1.0.0"
            }
        },
        "@fwge/common": {
            "version": "file:packages/common"
        },
        "@fwge/core": {
            "version": "file:packages/core",
            "requires": {
                "@fwge/common": "1.0.0",
                "@types/node": "^17.0.23"
            }
        },
        "@fwge/input": {
            "version": "file:packages/input",
            "requires": {
                "@fwge/common": "1.0.0",
                "@fwge/core": "1.0.0"
            }
        },
        "@fwge/io": {
            "version": "file:packages/io",
            "requires": {
                "@fwge/audio": "1.0.0",
                "@fwge/common": "1.0.0",
                "@fwge/core": "1.0.0",
                "@fwge/input": "1.0.0",
                "@fwge/physics": "1.0.0",
                "@fwge/render": "1.0.0",
                "@fwge/ui": "1.0.0"
            }
        },
        "@fwge/physics": {
            "version": "file:packages/physics",
            "requires": {
                "@fwge/common": "1.0.0",
                "@fwge/core": "1.0.0",
                "@types/node": "^17.0.25",
                "web-worker": "^1.2.0"
            }
        },
        "@fwge/render": {
            "version": "file:packages/render",
            "requires": {
                "@fwge/common": "1.0.0",
                "@fwge/core": "1.0.0"
            }
        },
        "@fwge/ui": {
            "version": "file:packages/ui",
            "requires": {
                "@fwge/common": "1.0.0",
                "@fwge/core": "1.0.0"
            }
        },
        "@types/node": {
            "version": "17.0.36",
            "dev": true
        },
        "web-worker": {
            "version": "1.2.0"
        }
    }
}
