{
  "name": "@fwge/io",
  "version": "1.0.0",
  "lockfileVersion": 1,
  "requires": true,
  "dependencies": {
    "@fwge/common": {
      "version": "file:../common"
    },
    "@fwge/core": {
      "version": "file:../core",
      "requires": {
        "@fwge/common": "file:../common"
      },
      "dependencies": {
        "@fwge/common": {
          "version": "file:../common"
        }
      }
    },
    "@fwge/render": {
      "version": "file:../render",
      "requires": {
        "@fwge/common": "file:../common",
        "@fwge/core": "file:../core",
        "@fwge/render": "file:../render"
      },
      "dependencies": {
        "@fwge/common": {
          "version": "file:../common"
        },
        "@fwge/core": {
          "version": "file:../core",
          "requires": {
            "@fwge/common": "file:../common"
          },
          "dependencies": {
            "@fwge/common": {
              "version": "file:../common"
            }
          }
        }
      }
    }
  }
}
