{
  "name": "@fwge/io",
  "version": "1.0.0",
  "lockfileVersion": 1,
  "requires": true,
  "dependencies": {
    "@fwge/audio": {
      "version": "file:../audio",
      "requires": {
        "@fwge/common": "file:../common",
        "@fwge/core": "file:../core"
      },
      "dependencies": {
        "@fwge/common": {
          "version": "file:../common"
        },
        "@fwge/core": {
          "version": "file:../core",
          "requires": {
            "@fwge/common": "file:../common"
          },
          "dependencies": {
            "@fwge/common": {
              "version": "file:../common"
            }
          }
        }
      }
    },
    "@fwge/common": {
      "version": "file:../common"
    },
    "@fwge/core": {
      "version": "file:../core",
      "requires": {
        "@fwge/common": "file:../common"
      },
      "dependencies": {
        "@fwge/common": {
          "version": "file:../common"
        }
      }
    },
    "@fwge/input": {
      "version": "file:../input",
      "requires": {
        "@fwge/common": "file:../common",
        "@fwge/core": "file:../core"
      },
      "dependencies": {
        "@fwge/common": {
          "version": "file:../common"
        },
        "@fwge/core": {
          "version": "file:../core",
          "requires": {
            "@fwge/common": "file:../common"
          },
          "dependencies": {
            "@fwge/common": {
              "version": "file:../common"
            }
          }
        }
      }
    },
    "@fwge/physics": {
      "version": "file:../physics",
      "requires": {
        "@fwge/common": "file:../common",
        "@fwge/core": "file:../core",
        "web-worker": "^1.2.0"
      },
      "dependencies": {
        "@fwge/common": {
          "version": "file:../common"
        },
        "@fwge/core": {
          "version": "file:../core",
          "requires": {
            "@fwge/common": "file:../common"
          },
          "dependencies": {
            "@fwge/common": {
              "version": "file:../common"
            }
          }
        },
        "@types/node": {
          "version": "17.0.25",
          "resolved": "https://registry.npmjs.org/@types/node/-/node-17.0.25.tgz",
          "integrity": "sha512-wANk6fBrUwdpY4isjWrKTufkrXdu1D2YHCot2fD/DfWxF5sMrVSA+KN7ydckvaTCh0HiqX9IVl0L5/ZoXg5M7w=="
        },
        "web-worker": {
          "version": "1.2.0",
          "resolved": "https://registry.npmjs.org/web-worker/-/web-worker-1.2.0.tgz",
          "integrity": "sha512-PgF341avzqyx60neE9DD+XS26MMNMoUQRz9NOZwW32nPQrF6p77f1htcnjBSEV8BGMKZ16choqUG4hyI0Hx7mA=="
        }
      }
    },
    "@fwge/render": {
      "version": "file:../render",
      "requires": {
        "@fwge/common": "file:../common",
        "@fwge/core": "file:../core",
        "@fwge/render": "file:../render"
      },
      "dependencies": {
        "@fwge/common": {
          "version": "file:../common"
        },
        "@fwge/core": {
          "version": "file:../core",
          "requires": {
            "@fwge/common": "file:../common"
          },
          "dependencies": {
            "@fwge/common": {
              "version": "file:../common"
            }
          }
        }
      }
    },
    "@fwge/ui": {
      "version": "file:../ui",
      "requires": {
        "@fwge/core": "file:../core"
      },
      "dependencies": {
        "@fwge/core": {
          "version": "file:../core",
          "requires": {
            "@fwge/common": "file:../common"
          },
          "dependencies": {
            "@fwge/common": {
              "version": "file:../common"
            }
          }
        }
      }
    }
  }
}
