{
  "name": "@fwge/core",
  "version": "1.0.0",
  "lockfileVersion": 2,
  "requires": true,
  "packages": {
    "": {
      "name": "@fwge/core",
      "version": "1.0.0",
      "license": "MIT",
      "dependencies": {
        "@fwge/common": "1.0.0"
      },
      "devDependencies": {
        "@types/node": "^17.0.23"
      }
    },
    "../common": {
      "name": "@fwge/common",
      "version": "1.0.0",
      "license": "MIT"
    },
    "node_modules/@fwge/common": {
      "resolved": "../common",
      "link": true
    },
    "node_modules/@types/node": {
      "version": "17.0.23",
      "resolved": "https://registry.npmjs.org/@types/node/-/node-17.0.23.tgz",
      "integrity": "sha512-UxDxWn7dl97rKVeVS61vErvw086aCYhDLyvRQZ5Rk65rZKepaFdm53GeqXaKBuOhED4e9uWq34IC3TdSdJJ2Gw==",
      "dev": true
    }
  },
  "dependencies": {
    "@fwge/common": {
      "version": "file:../common"
    },
    "@types/node": {
      "version": "17.0.23",
      "resolved": "https://registry.npmjs.org/@types/node/-/node-17.0.23.tgz",
      "integrity": "sha512-UxDxWn7dl97rKVeVS61vErvw086aCYhDLyvRQZ5Rk65rZKepaFdm53GeqXaKBuOhED4e9uWq34IC3TdSdJJ2Gw==",
      "dev": true
    }
  }
}
