{
  "name": "@fwge/render",
  "version": "1.0.0",
  "lockfileVersion": 1,
  "requires": true,
  "dependencies": {
    "@fwge/common": {
      "version": "file:../common"
    },
    "@fwge/core": {
      "version": "file:../core",
      "requires": {
        "@fwge/common": "file:../common"
      },
      "dependencies": {
        "@fwge/common": {
          "version": "file:../common"
        }
      }
    },
    "@fwge/render": {
      "version": "file:",
      "requires": {
        "@fwge/common": "file:../common",
        "@fwge/core": "file:../core",
        "@fwge/render": "file:"
      },
      "dependencies": {
        "@fwge/common": {
          "version": "file:../common"
        },
        "@fwge/core": {
          "version": "file:../core",
          "requires": {
            "@fwge/common": "file:../common"
          },
          "dependencies": {
            "@fwge/common": {
              "version": "file:../common"
            },
            "@types/node": {
              "version": "17.0.23",
              "resolved": "https://registry.npmjs.org/@types/node/-/node-17.0.23.tgz",
              "integrity": "sha512-UxDxWn7dl97rKVeVS61vErvw086aCYhDLyvRQZ5Rk65rZKepaFdm53GeqXaKBuOhED4e9uWq34IC3TdSdJJ2Gw=="
            }
          }
        }
      }
    }
  }
}
